// !$*UTF8*$!
{
	archiveVersion = 1;
	classes = {
	};
	objectVersion = 46;
	objects = {

/* Begin PBXBuildFile section */
		133C826F1A0B2EA300D8EF87 /* DetailViewController.swift in Sources */ = {isa = PBXBuildFile; fileRef = 133C826E1A0B2EA300D8EF87 /* DetailViewController.swift */; };
		136D9EE41A0AEC42009007D1 /* Person.swift in Sources */ = {isa = PBXBuildFile; fileRef = 136D9EE31A0AEC42009007D1 /* Person.swift */; };
		137714B31A0881210029CD59 /* AppDelegate.swift in Sources */ = {isa = PBXBuildFile; fileRef = 137714B21A0881210029CD59 /* AppDelegate.swift */; };
		137714B51A0881210029CD59 /* ViewController.swift in Sources */ = {isa = PBXBuildFile; fileRef = 137714B41A0881210029CD59 /* ViewController.swift */; };
		137714B81A0881210029CD59 /* Main.storyboard in Resources */ = {isa = PBXBuildFile; fileRef = 137714B61A0881210029CD59 /* Main.storyboard */; };
		137714BA1A0881210029CD59 /* Images.xcassets in Resources */ = {isa = PBXBuildFile; fileRef = 137714B91A0881210029CD59 /* Images.xcassets */; };
		137714BD1A0881210029CD59 /* LaunchScreen.xib in Resources */ = {isa = PBXBuildFile; fileRef = 137714BB1A0881210029CD59 /* LaunchScreen.xib */; };
		137714C91A0881210029CD59 /* ClassRosterTests.swift in Sources */ = {isa = PBXBuildFile; fileRef = 137714C81A0881210029CD59 /* ClassRosterTests.swift */; };
/* End PBXBuildFile section */

/* Begin PBXContainerItemProxy section */
		137714C31A0881210029CD59 /* PBXContainerItemProxy */ = {
			isa = PBXContainerItemProxy;
			containerPortal = 137714A51A0881210029CD59 /* Project object */;
			proxyType = 1;
			remoteGlobalIDString = 137714AC1A0881210029CD59;
			remoteInfo = ClassRoster;
		};
/* End PBXContainerItemProxy section */

/* Begin PBXFileReference section */
		133C826E1A0B2EA300D8EF87 /* DetailViewController.swift */ = {isa = PBXFileReference; fileEncoding = 4; lastKnownFileType = sourcecode.swift; path = DetailViewController.swift; sourceTree = "<group>"; };
		136D9EE31A0AEC42009007D1 /* Person.swift */ = {isa = PBXFileReference; fileEncoding = 4; lastKnownFileType = sourcecode.swift; path = Person.swift; sourceTree = "<group>"; };
		137714AD1A0881210029CD59 /* ClassRoster.app */ = {isa = PBXFileReference; explicitFileType = wrapper.application; includeInIndex = 0; path = ClassRoster.app; sourceTree = BUILT_PRODUCTS_DIR; };
		137714B11A0881210029CD59 /* Info.plist */ = {isa = PBXFileReference; lastKnownFileType = text.plist.xml; path = Info.plist; sourceTree = "<group>"; };
		137714B21A0881210029CD59 /* AppDelegate.swift */ = {isa = PBXFileReference; lastKnownFileType = sourcecode.swift; path = AppDelegate.swift; sourceTree = "<group>"; };
		137714B41A0881210029CD59 /* ViewController.swift */ = {isa = PBXFileReference; lastKnownFileType = sourcecode.swift; path = ViewController.swift; sourceTree = "<group>"; };
		137714B71A0881210029CD59 /* Base */ = {isa = PBXFileReference; lastKnownFileType = file.storyboard; name = Base; path = Base.lproj/Main.storyboard; sourceTree = "<group>"; };
		137714B91A0881210029CD59 /* Images.xcassets */ = {isa = PBXFileReference; lastKnownFileType = folder.assetcatalog; path = Images.xcassets; sourceTree = "<group>"; };
		137714BC1A0881210029CD59 /* Base */ = {isa = PBXFileReference; lastKnownFileType = file.xib; name = Base; path = Base.lproj/LaunchScreen.xib; sourceTree = "<group>"; };
		137714C21A0881210029CD59 /* ClassRosterTests.xctest */ = {isa = PBXFileReference; explicitFileType = wrapper.cfbundle; includeInIndex = 0; path = ClassRosterTests.xctest; sourceTree = BUILT_PRODUCTS_DIR; };
		137714C71A0881210029CD59 /* Info.plist */ = {isa = PBXFileReference; lastKnownFileType = text.plist.xml; path = Info.plist; sourceTree = "<group>"; };
		137714C81A0881210029CD59 /* ClassRosterTests.swift */ = {isa = PBXFileReference; lastKnownFileType = sourcecode.swift; path = ClassRosterTests.swift; sourceTree = "<group>"; };
/* End PBXFileReference section */

/* Begin PBXFrameworksBuildPhase section */
		137714AA1A0881210029CD59 /* Frameworks */ = {
			isa = PBXFrameworksBuildPhase;
			buildActionMask = 2147483647;
			files = (
			);
			runOnlyForDeploymentPostprocessing = 0;
		};
		137714BF1A0881210029CD59 /* Frameworks */ = {
			isa = PBXFrameworksBuildPhase;
			buildActionMask = 2147483647;
			files = (
			);
			runOnlyForDeploymentPostprocessing = 0;
		};
/* End PBXFrameworksBuildPhase section */

/* Begin PBXGroup section */
		137714A41A0881210029CD59 = {
			isa = PBXGroup;
			children = (
				137714AF1A0881210029CD59 /* ClassRoster */,
				137714C51A0881210029CD59 /* ClassRosterTests */,
				137714AE1A0881210029CD59 /* Products */,
			);
			sourceTree = "<group>";
		};
		137714AE1A0881210029CD59 /* Products */ = {
			isa = PBXGroup;
			children = (
				137714AD1A0881210029CD59 /* ClassRoster.app */,
				137714C21A0881210029CD59 /* ClassRosterTests.xctest */,
			);
			name = Products;
			sourceTree = "<group>";
		};
		137714AF1A0881210029CD59 /* ClassRoster */ = {
			isa = PBXGroup;
			children = (
				137714B21A0881210029CD59 /* AppDelegate.swift */,
				137714B41A0881210029CD59 /* ViewController.swift */,
				133C826E1A0B2EA300D8EF87 /* DetailViewController.swift */,
				136D9EE31A0AEC42009007D1 /* Person.swift */,
				137714B61A0881210029CD59 /* Main.storyboard */,
				137714B91A0881210029CD59 /* Images.xcassets */,
				137714BB1A0881210029CD59 /* LaunchScreen.xib */,
				137714B01A0881210029CD59 /* Supporting Files */,
			);
			path = ClassRoster;
			sourceTree = "<group>";
		};
		137714B01A0881210029CD59 /* Supporting Files */ = {
			isa = PBXGroup;
			children = (
				137714B11A0881210029CD59 /* Info.plist */,
			);
			name = "Supporting Files";
			sourceTree = "<group>";
		};
		137714C51A0881210029CD59 /* ClassRosterTests */ = {
			isa = PBXGroup;
			children = (
				137714C81A0881210029CD59 /* ClassRosterTests.swift */,
				137714C61A0881210029CD59 /* Supporting Files */,
			);
			path = ClassRosterTests;
			sourceTree = "<group>";
		};
		137714C61A0881210029CD59 /* Supporting Files */ = {
			isa = PBXGroup;
			children = (
				137714C71A0881210029CD59 /* Info.plist */,
			);
			name = "Supporting Files";
			sourceTree = "<group>";
		};
/* End PBXGroup section */

/* Begin PBXNativeTarget section */
		137714AC1A0881210029CD59 /* ClassRoster */ = {
			isa = PBXNativeTarget;
			buildConfigurationList = 137714CC1A0881210029CD59 /* Build configuration list for PBXNativeTarget "ClassRoster" */;
			buildPhases = (
				137714A91A0881210029CD59 /* Sources */,
				137714AA1A0881210029CD59 /* Frameworks */,
				137714AB1A0881210029CD59 /* Resources */,
			);
			buildRules = (
			);
			dependencies = (
			);
			name = ClassRoster;
			productName = ClassRoster;
			productReference = 137714AD1A0881210029CD59 /* ClassRoster.app */;
			productType = "com.apple.product-type.application";
		};
		137714C11A0881210029CD59 /* ClassRosterTests */ = {
			isa = PBXNativeTarget;
			buildConfigurationList = 137714CF1A0881210029CD59 /* Build configuration list for PBXNativeTarget "ClassRosterTests" */;
			buildPhases = (
				137714BE1A0881210029CD59 /* Sources */,
				137714BF1A0881210029CD59 /* Frameworks */,
				137714C01A0881210029CD59 /* Resources */,
			);
			buildRules = (
			);
			dependencies = (
				137714C41A0881210029CD59 /* PBXTargetDependency */,
			);
			name = ClassRosterTests;
			productName = ClassRosterTests;
			productReference = 137714C21A0881210029CD59 /* ClassRosterTests.xctest */;
			productType = "com.apple.product-type.bundle.unit-test";
		};
/* End PBXNativeTarget section */

/* Begin PBXProject section */
		137714A51A0881210029CD59 /* Project object */ = {
			isa = PBXProject;
			attributes = {
				LastUpgradeCheck = 0610;
				ORGANIZATIONNAME = "Andrew Potter";
				TargetAttributes = {
					137714AC1A0881210029CD59 = {
						CreatedOnToolsVersion = 6.1;
					};
					137714C11A0881210029CD59 = {
						CreatedOnToolsVersion = 6.1;
						TestTargetID = 137714AC1A0881210029CD59;
					};
				};
			};
			buildConfigurationList = 137714A81A0881210029CD59 /* Build configuration list for PBXProject "ClassRoster" */;
			compatibilityVersion = "Xcode 3.2";
			developmentRegion = English;
			hasScannedForEncodings = 0;
			knownRegions = (
				en,
				Base,
			);
			mainGroup = 137714A41A0881210029CD59;
			productRefGroup = 137714AE1A0881210029CD59 /* Products */;
			projectDirPath = "";
			projectRoot = "";
			targets = (
				137714AC1A0881210029CD59 /* ClassRoster */,
				137714C11A0881210029CD59 /* ClassRosterTests */,
			);
		};
/* End PBXProject section */

/* Begin PBXResourcesBuildPhase section */
		137714AB1A0881210029CD59 /* Resources */ = {
			isa = PBXResourcesBuildPhase;
			buildActionMask = 2147483647;
			files = (
				137714B81A0881210029CD59 /* Main.storyboard in Resources */,
				137714BD1A0881210029CD59 /* LaunchScreen.xib in Resources */,
				137714BA1A0881210029CD59 /* Images.xcassets in Resources */,
			);
			runOnlyForDeploymentPostprocessing = 0;
		};
		137714C01A0881210029CD59 /* Resources */ = {
			isa = PBXResourcesBuildPhase;
			buildActionMask = 2147483647;
			files = (
			);
			runOnlyForDeploymentPostprocessing = 0;
		};
/* End PBXResourcesBuildPhase section */

/* Begin PBXSourcesBuildPhase section */
		137714A91A0881210029CD59 /* Sources */ = {
			isa = PBXSourcesBuildPhase;
			buildActionMask = 2147483647;
			files = (
				136D9EE41A0AEC42009007D1 /* Person.swift in Sources */,
				137714B51A0881210029CD59 /* ViewController.swift in Sources */,
				137714B31A0881210029CD59 /* AppDelegate.swift in Sources */,
				133C826F1A0B2EA300D8EF87 /* DetailViewController.swift in Sources */,
			);
			runOnlyForDeploymentPostprocessing = 0;
		};
		137714BE1A0881210029CD59 /* Sources */ = {
			isa = PBXSourcesBuildPhase;
			buildActionMask = 2147483647;
			files = (
				137714C91A0881210029CD59 /* ClassRosterTests.swift in Sources */,
			);
			runOnlyForDeploymentPostprocessing = 0;
		};
/* End PBXSourcesBuildPhase section */

/* Begin PBXTargetDependency section */
		137714C41A0881210029CD59 /* PBXTargetDependency */ = {
			isa = PBXTargetDependency;
			target = 137714AC1A0881210029CD59 /* ClassRoster */;
			targetProxy = 137714C31A0881210029CD59 /* PBXContainerItemProxy */;
		};
/* End PBXTargetDependency section */

/* Begin PBXVariantGroup section */
		137714B61A0881210029CD59 /* Main.storyboard */ = {
			isa = PBXVariantGroup;
			children = (
				137714B71A0881210029CD59 /* Base */,
			);
			name = Main.storyboard;
			sourceTree = "<group>";
		};
		137714BB1A0881210029CD59 /* LaunchScreen.xib */ = {
			isa = PBXVariantGroup;
			children = (
				137714BC1A0881210029CD59 /* Base */,
			);
			name = LaunchScreen.xib;
			sourceTree = "<group>";
		};
/* End PBXVariantGroup section */

/* Begin XCBuildConfiguration section */
		137714CA1A0881210029CD59 /* Debug */ = {
			isa = XCBuildConfiguration;
			buildSettings = {
				ALWAYS_SEARCH_USER_PATHS = NO;
				CLANG_CXX_LANGUAGE_STANDARD = "gnu++0x";
				CLANG_CXX_LIBRARY = "libc++";
				CLANG_ENABLE_MODULES = YES;
				CLANG_ENABLE_OBJC_ARC = YES;
				CLANG_WARN_BOOL_CONVERSION = YES;
				CLANG_WARN_CONSTANT_CONVERSION = YES;
				CLANG_WARN_DIRECT_OBJC_ISA_USAGE = YES_ERROR;
				CLANG_WARN_EMPTY_BODY = YES;
				CLANG_WARN_ENUM_CONVERSION = YES;
				CLANG_WARN_INT_CONVERSION = YES;
				CLANG_WARN_OBJC_ROOT_CLASS = YES_ERROR;
				CLANG_WARN_UNREACHABLE_CODE = YES;
				CLANG_WARN__DUPLICATE_METHOD_MATCH = YES;
				"CODE_SIGN_IDENTITY[sdk=iphoneos*]" = "iPhone Developer";
				COPY_PHASE_STRIP = NO;
				ENABLE_STRICT_OBJC_MSGSEND = YES;
				GCC_C_LANGUAGE_STANDARD = gnu99;
				GCC_DYNAMIC_NO_PIC = NO;
				GCC_OPTIMIZATION_LEVEL = 0;
				GCC_PREPROCESSOR_DEFINITIONS = (
					"DEBUG=1",
					"$(inherited)",
				);
				GCC_SYMBOLS_PRIVATE_EXTERN = NO;
				GCC_WARN_64_TO_32_BIT_CONVERSION = YES;
				GCC_WARN_ABOUT_RETURN_TYPE = YES_ERROR;
				GCC_WARN_UNDECLARED_SELECTOR = YES;
				GCC_WARN_UNINITIALIZED_AUTOS = YES_AGGRESSIVE;
				GCC_WARN_UNUSED_FUNCTION = YES;
				GCC_WARN_UNUSED_VARIABLE = YES;
				IPHONEOS_DEPLOYMENT_TARGET = 8.1;
				MTL_ENABLE_DEBUG_INFO = YES;
				ONLY_ACTIVE_ARCH = YES;
				SDKROOT = iphoneos;
				SWIFT_OPTIMIZATION_LEVEL = "-Onone";
				TARGETED_DEVICE_FAMILY = "1,2";
			};
			name = Debug;
		};
		137714CB1A0881210029CD59 /* Release */ = {
			isa = XCBuildConfiguration;
			buildSettings = {
				ALWAYS_SEARCH_USER_PATHS = NO;
				CLANG_CXX_LANGUAGE_STANDARD = "gnu++0x";
				CLANG_CXX_LIBRARY = "libc++";
				CLANG_ENABLE_MODULES = YES;
				CLANG_ENABLE_OBJC_ARC = YES;
				CLANG_WARN_BOOL_CONVERSION = YES;
				CLANG_WARN_CONSTANT_CONVERSION = YES;
				CLANG_WARN_DIRECT_OBJC_ISA_USAGE = YES_ERROR;
				CLANG_WARN_EMPTY_BODY = YES;
				CLANG_WARN_ENUM_CONVERSION = YES;
				CLANG_WARN_INT_CONVERSION = YES;
				CLANG_WARN_OBJC_ROOT_CLASS = YES_ERROR;
				CLANG_WARN_UNREACHABLE_CODE = YES;
				CLANG_WARN__DUPLICATE_METHOD_MATCH = YES;
				"CODE_SIGN_IDENTITY[sdk=iphoneos*]" = "iPhone Developer";
				COPY_PHASE_STRIP = YES;
				ENABLE_NS_ASSERTIONS = NO;
				ENABLE_STRICT_OBJC_MSGSEND = YES;
				GCC_C_LANGUAGE_STANDARD = gnu99;
				GCC_WARN_64_TO_32_BIT_CONVERSION = YES;
				GCC_WARN_ABOUT_RETURN_TYPE = YES_ERROR;
				GCC_WARN_UNDECLARED_SELECTOR = YES;
				GCC_WARN_UNINITIALIZED_AUTOS = YES_AGGRESSIVE;
				GCC_WARN_UNUSED_FUNCTION = YES;
				GCC_WARN_UNUSED_VARIABLE = YES;
				IPHONEOS_DEPLOYMENT_TARGET = 8.1;
				MTL_ENABLE_DEBUG_INFO = NO;
				SDKROOT = iphoneos;
				TARGETED_DEVICE_FAMILY = "1,2";
				VALIDATE_PRODUCT = YES;
			};
			name = Release;
		};
		137714CD1A0881210029CD59 /* Debug */ = {
			isa = XCBuildConfiguration;
			buildSettings = {
				ASSETCATALOG_COMPILER_APPICON_NAME = AppIcon;
				INFOPLIST_FILE = ClassRoster/Info.plist;
				LD_RUNPATH_SEARCH_PATHS = "$(inherited) @executable_path/Frameworks";
				PRODUCT_NAME = "$(TARGET_NAME)";
			};
			name = Debug;
		};
		137714CE1A0881210029CD59 /* Release */ = {
			isa = XCBuildConfiguration;
			buildSettings = {
				ASSETCATALOG_COMPILER_APPICON_NAME = AppIcon;
				INFOPLIST_FILE = ClassRoster/Info.plist;
				LD_RUNPATH_SEARCH_PATHS = "$(inherited) @executable_path/Frameworks";
				PRODUCT_NAME = "$(TARGET_NAME)";
			};
			name = Release;
		};
		137714D01A0881210029CD59 /* Debug */ = {
			isa = XCBuildConfiguration;
			buildSettings = {
				BUNDLE_LOADER = "$(TEST_HOST)";
				FRAMEWORK_SEARCH_PATHS = (
					"$(SDKROOT)/Developer/Library/Frameworks",
					"$(inherited)",
				);
				GCC_PREPROCESSOR_DEFINITIONS = (
					"DEBUG=1",
					"$(inherited)",
				);
				INFOPLIST_FILE = ClassRosterTests/Info.plist;
				LD_RUNPATH_SEARCH_PATHS = "$(inherited) @executable_path/Frameworks @loader_path/Frameworks";
				PRODUCT_NAME = "$(TARGET_NAME)";
				TEST_HOST = "$(BUILT_PRODUCTS_DIR)/ClassRoster.app/ClassRoster";
			};
			name = Debug;
		};
		137714D11A0881210029CD59 /* Release */ = {
			isa = XCBuildConfiguration;
			buildSettings = {
				BUNDLE_LOADER = "$(TEST_HOST)";
				FRAMEWORK_SEARCH_PATHS = (
					"$(SDKROOT)/Developer/Library/Frameworks",
					"$(inherited)",
				);
				INFOPLIST_FILE = ClassRosterTests/Info.plist;
				LD_RUNPATH_SEARCH_PATHS = "$(inherited) @executable_path/Frameworks @loader_path/Frameworks";
				PRODUCT_NAME = "$(TARGET_NAME)";
				TEST_HOST = "$(BUILT_PRODUCTS_DIR)/ClassRoster.app/ClassRoster";
			};
			name = Release;
		};
/* End XCBuildConfiguration section */

/* Begin XCConfigurationList section */
		137714A81A0881210029CD59 /* Build configuration list for PBXProject "ClassRoster" */ = {
			isa = XCConfigurationList;
			buildConfigurations = (
				137714CA1A0881210029CD59 /* Debug */,
				137714CB1A0881210029CD59 /* Release */,
			);
			defaultConfigurationIsVisible = 0;
			defaultConfigurationName = Release;
		};
		137714CC1A0881210029CD59 /* Build configuration list for PBXNativeTarget "ClassRoster" */ = {
			isa = XCConfigurationList;
			buildConfigurations = (
				137714CD1A0881210029CD59 /* Debug */,
				137714CE1A0881210029CD59 /* Release */,
			);
			defaultConfigurationIsVisible = 0;
			defaultConfigurationName = Release;
		};
		137714CF1A0881210029CD59 /* Build configuration list for PBXNativeTarget "ClassRosterTests" */ = {
			isa = XCConfigurationList;
			buildConfigurations = (
				137714D01A0881210029CD59 /* Debug */,
				137714D11A0881210029CD59 /* Release */,
			);
			defaultConfigurationIsVisible = 0;
			defaultConfigurationName = Release;
		};
/* End XCConfigurationList section */
	};
	rootObject = 137714A51A0881210029CD59 /* Project object */;
}
